
Microsoft Visual Studio Solution File, Format Version 12.00
# Visual Studio Version 16
VisualStudioVersion = 16.0.30907.101
MinimumVisualStudioVersion = 10.0.40219.1
Project("{FAE04EC0-301F-11D3-BF4B-00C04F79EFBC}") = "APISocialNet", "APISocialNet\APISocialNet.csproj", "{F518CFB2-1BC0-465D-8478-08EAC03C817E}"
EndProject
Global
	GlobalSection(SolutionConfigurationPlatforms) = preSolution
		Debug|Any CPU = Debug|Any CPU
		Release|Any CPU = Release|Any CPU
	EndGlobalSection
	GlobalSection(ProjectConfigurationPlatforms) = postSolution
		{F518CFB2-1BC0-465D-8478-08EAC03C817E}.Debug|Any CPU.ActiveCfg = Debug|Any CPU
		{F518CFB2-1BC0-465D-8478-08EAC03C817E}.Debug|Any CPU.Build.0 = Debug|Any CPU
		{F518CFB2-1BC0-465D-8478-08EAC03C817E}.Release|Any CPU.ActiveCfg = Release|Any CPU
		{F518CFB2-1BC0-465D-8478-08EAC03C817E}.Release|Any CPU.Build.0 = Release|Any CPU
	EndGlobalSection
	GlobalSection(SolutionProperties) = preSolution
		HideSolutionNode = FALSE
	EndGlobalSection
	GlobalSection(ExtensibilityGlobals) = postSolution
		SolutionGuid = {506D0804-F9CF-4AE0-BE18-D8CBC8DC76EB}
	EndGlobalSection
EndGlobal
